{
  "name": "node-aggregator",
  "version": "1.0.0",
  "lockfileVersion": 3,
  "requires": true,
  "packages": {
    "": {
      "name": "node-aggregator",
      "version": "1.0.0",
      "dependencies": {
        "@duckdb/node-api": "^1.5.3-r.3"
      },
      "engines": {
        "node": ">=24.0.0"
      }
    },
    "node_modules/@duckdb/node-api": {
      "version": "1.5.3-r.3",
      "resolved": "https://registry.npmjs.org/@duckdb/node-api/-/node-api-1.5.3-r.3.tgz",
      "integrity": "sha512-FzuL6sevuFfEFwkgiUMRMUAj4TaVqV//L0oo2FVZ9s9oYpLpALF9qZyQv2ucclTNQZwDCkm8+e6yLMc6t8IjlA==",
      "license": "MIT",
      "dependencies": {
        "@duckdb/node-bindings": "1.5.3-r.3"
      }
    },
    "node_modules/@duckdb/node-bindings": {
      "version": "1.5.3-r.3",
      "resolved": "https://registry.npmjs.org/@duckdb/node-bindings/-/node-bindings-1.5.3-r.3.tgz",
      "integrity": "sha512-Dphw1a9kKXZnCiWX1YCEAJsQ7WJQO2Ikgxy7m8jy0QVXqAwB9esr5NGsuEL3vMKL7velZHeZCjGOMnHZEcIsdg==",
      "license": "MIT",
      "dependencies": {
        "detect-libc": "^2.1.2"
      },
      "optionalDependencies": {
        "@duckdb/node-bindings-darwin-arm64": "1.5.3-r.3",
        "@duckdb/node-bindings-darwin-x64": "1.5.3-r.3",
        "@duckdb/node-bindings-linux-arm64": "1.5.3-r.3",
        "@duckdb/node-bindings-linux-arm64-musl": "1.5.3-r.3",
        "@duckdb/node-bindings-linux-x64": "1.5.3-r.3",
        "@duckdb/node-bindings-linux-x64-musl": "1.5.3-r.3",
        "@duckdb/node-bindings-win32-arm64": "1.5.3-r.3",
        "@duckdb/node-bindings-win32-x64": "1.5.3-r.3"
      }
    },
    "node_modules/@duckdb/node-bindings-darwin-arm64": {
      "version": "1.5.3-r.3",
      "resolved": "https://registry.npmjs.org/@duckdb/node-bindings-darwin-arm64/-/node-bindings-darwin-arm64-1.5.3-r.3.tgz",
      "integrity": "sha512-ttD8QBesgzHu7Sc4qouuIGLM7PWedLW8GvFbnZEyMqk24mQz1HWFgaT0ivw6nDRaDPUQLB9QnAOq8MZUh1zWHQ==",
      "cpu": [
        "arm64"
      ],
      "license": "MIT",
      "optional": true,
      "os": [
        "darwin"
      ]
    },
    "node_modules/@duckdb/node-bindings-darwin-x64": {
      "version": "1.5.3-r.3",
      "resolved": "https://registry.npmjs.org/@duckdb/node-bindings-darwin-x64/-/node-bindings-darwin-x64-1.5.3-r.3.tgz",
      "integrity": "sha512-Vp9MYtoYf6zUWHdCmHXwUcJlHq3YaaIeULWeSiPUM1hsDflLiZKXtz5i250Ulz03VsfWBjpO4wdM99sjjrYKkg==",
      "cpu": [
        "x64"
      ],
      "license": "MIT",
      "optional": true,
      "os": [
        "darwin"
      ]
    },
    "node_modules/@duckdb/node-bindings-linux-arm64": {
      "version": "1.5.3-r.3",
      "resolved": "https://registry.npmjs.org/@duckdb/node-bindings-linux-arm64/-/node-bindings-linux-arm64-1.5.3-r.3.tgz",
      "integrity": "sha512-3HLcrzQE83947JS51UVR7C9qnXQMltCOk4Dnhiz1CD+9u32DGLMgPTIIxclk7O+Q7EwfqzD8JV86Ud+LT1crcQ==",
      "cpu": [
        "arm64"
      ],
      "libc": [
        "glibc"
      ],
      "license": "MIT",
      "optional": true,
      "os": [
        "linux"
      ]
    },
    "node_modules/@duckdb/node-bindings-linux-arm64-musl": {
      "version": "1.5.3-r.3",
      "resolved": "https://registry.npmjs.org/@duckdb/node-bindings-linux-arm64-musl/-/node-bindings-linux-arm64-musl-1.5.3-r.3.tgz",
      "integrity": "sha512-IadRyx+98FEynKLXAk2MzReinFgduiDXgNd5Z8c5VKch+8FgBfqkEUYGOnBMMUPT8kuheKdLj23vpWXaCzOgoQ==",
      "cpu": [
        "arm64"
      ],
      "libc": [
        "musl"
      ],
      "license": "MIT",
      "optional": true,
      "os": [
        "linux"
      ]
    },
    "node_modules/@duckdb/node-bindings-linux-x64": {
      "version": "1.5.3-r.3",
      "resolved": "https://registry.npmjs.org/@duckdb/node-bindings-linux-x64/-/node-bindings-linux-x64-1.5.3-r.3.tgz",
      "integrity": "sha512-TXndAL0ZoETq17Df6wB+SUZjLGDmOsKuDSySxB+wy6sHfpRtbDgQibyXRlajVeUkRDwSzBFC5ymy16YG0Fl4iw==",
      "cpu": [
        "x64"
      ],
      "libc": [
        "glibc"
      ],
      "license": "MIT",
      "optional": true,
      "os": [
        "linux"
      ]
    },
    "node_modules/@duckdb/node-bindings-linux-x64-musl": {
      "version": "1.5.3-r.3",
      "resolved": "https://registry.npmjs.org/@duckdb/node-bindings-linux-x64-musl/-/node-bindings-linux-x64-musl-1.5.3-r.3.tgz",
      "integrity": "sha512-5bulS16YhftXcarki4tvCufVslntpQDLOEF6RZ+FSMOGiv5d7SDXqklmVRy4DKW3C5ekgN7S2oYzuGL/ss9BuA==",
      "cpu": [
        "x64"
      ],
      "libc": [
        "musl"
      ],
      "license": "MIT",
      "optional": true,
      "os": [
        "linux"
      ]
    },
    "node_modules/@duckdb/node-bindings-win32-arm64": {
      "version": "1.5.3-r.3",
      "resolved": "https://registry.npmjs.org/@duckdb/node-bindings-win32-arm64/-/node-bindings-win32-arm64-1.5.3-r.3.tgz",
      "integrity": "sha512-55Vu13S0jUudiAGlNWJd7UvlW1iKjwWehD8s93jBCNm0AdE/EJN4nz5rQ0IuWzPWXpMjAYuKu00yE7NdtbTyug==",
      "cpu": [
        "arm64"
      ],
      "license": "MIT",
      "optional": true,
      "os": [
        "win32"
      ]
    },
    "node_modules/@duckdb/node-bindings-win32-x64": {
      "version": "1.5.3-r.3",
      "resolved": "https://registry.npmjs.org/@duckdb/node-bindings-win32-x64/-/node-bindings-win32-x64-1.5.3-r.3.tgz",
      "integrity": "sha512-rlOc9ltWQNHuDq99Ah8XaD80nN1ucrSK5AcH/7ibSp9ogX/jswPYlRVE7ODFJAjnQNf8bVvs++Mp+wyGvuG7ag==",
      "cpu": [
        "x64"
      ],
      "license": "MIT",
      "optional": true,
      "os": [
        "win32"
      ]
    },
    "node_modules/detect-libc": {
      "version": "2.1.2",
      "resolved": "https://registry.npmjs.org/detect-libc/-/detect-libc-2.1.2.tgz",
      "integrity": "sha512-Btj2BOOO83o3WyH59e8MgXsxEQVcarkUOpEYrubB0urwnN10yQ364rsiByU11nZlqWYZm05i/of7io4mzihBtQ==",
      "license": "Apache-2.0",
      "engines": {
        "node": ">=8"
      }
    }
  }
}
