Microsoft Visual Studio Solution File, Format Version 12.00
# Visual Studio Version 17
VisualStudioVersion = 17.5.2.0
MinimumVisualStudioVersion = 10.0.40219.1
Project("{FAE04EC0-301F-11D3-BF4B-00C04F79EFBC}") = "ParquetPerformance", "ParquetPerformance.csproj", "{5D98E778-FEE4-B005-915E-23729BD89A48}"
EndProject
Global
	GlobalSection(SolutionConfigurationPlatforms) = preSolution
		Debug|Any CPU = Debug|Any CPU
		Release|Any CPU = Release|Any CPU
	EndGlobalSection
	GlobalSection(ProjectConfigurationPlatforms) = postSolution
		{5D98E778-FEE4-B005-915E-23729BD89A48}.Debug|Any CPU.ActiveCfg = Debug|Any CPU
		{5D98E778-FEE4-B005-915E-23729BD89A48}.Debug|Any CPU.Build.0 = Debug|Any CPU
		{5D98E778-FEE4-B005-915E-23729BD89A48}.Release|Any CPU.ActiveCfg = Release|Any CPU
		{5D98E778-FEE4-B005-915E-23729BD89A48}.Release|Any CPU.Build.0 = Release|Any CPU
	EndGlobalSection
	GlobalSection(SolutionProperties) = preSolution
		HideSolutionNode = FALSE
	EndGlobalSection
	GlobalSection(ExtensibilityGlobals) = postSolution
		SolutionGuid = {0BC1D352-4875-4C04-A1A2-568454D7A752}
	EndGlobalSection
EndGlobal
